
Microsoft Visual Studio Solution File, Format Version 12.00
# Visual Studio Version 17
VisualStudioVersion = 17.6.33723.286
MinimumVisualStudioVersion = 10.0.40219.1
Project("{FAE04EC0-301F-11D3-BF4B-00C04F79EFBC}") = "Example", "Example\Example.csproj", "{BDF16D2A-543D-429F-9E6C-9B7B4DB53EDB}"
EndProject
Global
	GlobalSection(SolutionConfigurationPlatforms) = preSolution
		Debug|Any CPU = Debug|Any CPU
		Release|Any CPU = Release|Any CPU
	EndGlobalSection
	GlobalSection(ProjectConfigurationPlatforms) = postSolution
		{BDF16D2A-543D-429F-9E6C-9B7B4DB53EDB}.Debug|Any CPU.ActiveCfg = Debug|Any CPU
		{BDF16D2A-543D-429F-9E6C-9B7B4DB53EDB}.Debug|Any CPU.Build.0 = Debug|Any CPU
		{BDF16D2A-543D-429F-9E6C-9B7B4DB53EDB}.Release|Any CPU.ActiveCfg = Release|Any CPU
		{BDF16D2A-543D-429F-9E6C-9B7B4DB53EDB}.Release|Any CPU.Build.0 = Release|Any CPU
	EndGlobalSection
	GlobalSection(SolutionProperties) = preSolution
		HideSolutionNode = FALSE
	EndGlobalSection
	GlobalSection(ExtensibilityGlobals) = postSolution
		SolutionGuid = {57D74111-2004-4E3C-9DDE-09B8EFB19DC1}
	EndGlobalSection
EndGlobal
